{
  "name": "iosp-kiosk-tools",
  "lockfileVersion": 3,
  "requires": true,
  "packages": {
    "": {
      "name": "iosp-kiosk-tools",
      "dependencies": {
        "@atproto/oauth-client-node": "^0.4.9"
      }
    },
    "node_modules/@atproto-labs/did-resolver": {
      "version": "0.3.10",
      "resolved": "https://registry.npmjs.org/@atproto-labs/did-resolver/-/did-resolver-0.3.10.tgz",
      "integrity": "sha512-SPWOcJG/rsqrp2XQZQe8ctC9Y604mivZfXTrCsXbo7dXeAukYSgljPPa/7yWAlTvCbqUSNKScVEWpdCyel/nFw==",
      "license": "MIT",
      "dependencies": {
        "@atproto-labs/fetch": "^0.3.6",
        "@atproto-labs/pipe": "^0.2.4",
        "@atproto-labs/simple-store": "^0.5.1",
        "@atproto-labs/simple-store-memory": "^0.2.6",
        "@atproto/did": "^0.5.6",
        "zod": "^3.23.8"
      },
      "engines": {
        "node": ">=22"
      }
    },
    "node_modules/@atproto-labs/did-resolver/node_modules/@atproto-labs/simple-store": {
      "version": "0.5.1",
      "resolved": "https://registry.npmjs.org/@atproto-labs/simple-store/-/simple-store-0.5.1.tgz",
      "integrity": "sha512-vfvoDhu6ds6BT3Pqe+d2/LBU1WpDRtt69y6zltlfMCoucPm82m1j50/Wb6xTvv+oZ+2j0JyZVXsmXQ12SWYQJg==",
      "license": "MIT",
      "engines": {
        "node": ">=22"
      }
    },
    "node_modules/@atproto-labs/fetch": {
      "version": "0.3.6",
      "resolved": "https://registry.npmjs.org/@atproto-labs/fetch/-/fetch-0.3.6.tgz",
      "integrity": "sha512-ro/J/cnqIp4bnSzDl8N3SkruvQcE3Pze+1H70mKdFfyFcdhPr+7O4lggl4VCbhI84Yqgz47c0xC6F/Yl39SxDA==",
      "license": "MIT",
      "dependencies": {
        "@atproto-labs/pipe": "^0.2.4"
      },
      "engines": {
        "node": ">=22"
      }
    },
    "node_modules/@atproto-labs/fetch-node": {
      "version": "0.4.0",
      "resolved": "https://registry.npmjs.org/@atproto-labs/fetch-node/-/fetch-node-0.4.0.tgz",
      "integrity": "sha512-5Yi8fz/JDGEoObRgRJuglcodB/MJeQnnoqokOGSQK5ItISObSttbGIgHE1UMU1njcwxbvKtbGMWHUCRgqML2Dw==",
      "license": "MIT",
      "dependencies": {
        "@atproto-labs/fetch": "^0.3.6",
        "@atproto-labs/pipe": "^0.2.4",
        "ipaddr.js": "^2.1.0",
        "undici_v6": "npm:undici@^6.x",
        "undici_v7": "npm:undici@^7.x",
        "undici_v8": "npm:undici@^8.x"
      },
      "engines": {
        "node": ">=22"
      }
    },
    "node_modules/@atproto-labs/handle-resolver": {
      "version": "0.4.10",
      "resolved": "https://registry.npmjs.org/@atproto-labs/handle-resolver/-/handle-resolver-0.4.10.tgz",
      "integrity": "sha512-hsYYvGhi6Tv6f4Fti//i/vllVIb/wrJaOcbT3Yh7oo10VxBKAyxzVaB7mIJcho2YJ5kHd2kbCYYPWLw8pvm/bg==",
      "license": "MIT",
      "dependencies": {
        "@atproto-labs/simple-store": "^0.5.1",
        "@atproto-labs/simple-store-memory": "^0.2.6",
        "@atproto/did": "^0.5.6",
        "zod": "^3.23.8"
      },
      "engines": {
        "node": ">=22"
      }
    },
    "node_modules/@atproto-labs/handle-resolver-node": {
      "version": "0.2.11",
      "resolved": "https://registry.npmjs.org/@atproto-labs/handle-resolver-node/-/handle-resolver-node-0.2.11.tgz",
      "integrity": "sha512-stwXuolGIs8ULdLRCwr616A4268CP2jTYOKZOlR7rzMLKjMNaxYVFktbqWUtqKq1nqdqaKxSk+MZNTFrqCjaHQ==",
      "license": "MIT",
      "dependencies": {
        "@atproto-labs/fetch-node": "^0.4.0",
        "@atproto-labs/handle-resolver": "^0.4.10",
        "@atproto/did": "^0.5.6"
      },
      "engines": {
        "node": ">=22"
      }
    },
    "node_modules/@atproto-labs/handle-resolver/node_modules/@atproto-labs/simple-store": {
      "version": "0.5.1",
      "resolved": "https://registry.npmjs.org/@atproto-labs/simple-store/-/simple-store-0.5.1.tgz",
      "integrity": "sha512-vfvoDhu6ds6BT3Pqe+d2/LBU1WpDRtt69y6zltlfMCoucPm82m1j50/Wb6xTvv+oZ+2j0JyZVXsmXQ12SWYQJg==",
      "license": "MIT",
      "engines": {
        "node": ">=22"
      }
    },
    "node_modules/@atproto-labs/identity-resolver": {
      "version": "0.4.10",
      "resolved": "https://registry.npmjs.org/@atproto-labs/identity-resolver/-/identity-resolver-0.4.10.tgz",
      "integrity": "sha512-deKu7csOsM8lnIRnLa97te6ODIUx0Lm3Srxid/Ix+UYQqFKA0sIpfYmHZduAK7B+aTqiPcHjoA9Y/qpJyzgnMw==",
      "license": "MIT",
      "dependencies": {
        "@atproto-labs/did-resolver": "^0.3.10",
        "@atproto-labs/handle-resolver": "^0.4.10"
      },
      "engines": {
        "node": ">=22"
      }
    },
    "node_modules/@atproto-labs/pipe": {
      "version": "0.2.4",
      "resolved": "https://registry.npmjs.org/@atproto-labs/pipe/-/pipe-0.2.4.tgz",
      "integrity": "sha512-n67jCcrC+ouAeO10cWkpPzzLMlDi/lDCU30Us+LGqhOPhT6c4t5ASdBLQi9W3jUQtRzQBt3G9zipF+xKWNvVbw==",
      "license": "MIT",
      "engines": {
        "node": ">=22"
      }
    },
    "node_modules/@atproto-labs/simple-store": {
      "version": "0.4.4",
      "resolved": "https://registry.npmjs.org/@atproto-labs/simple-store/-/simple-store-0.4.4.tgz",
      "integrity": "sha512-3YH03xg99ZUS6Fq/6jcKRiZwUbzDb58xmS7ibg0y4+dukwrHa92cV/md76RpQJkAo9KYBvwLETdvF6fNtwIoGw==",
      "license": "MIT",
      "engines": {
        "node": ">=22"
      }
    },
    "node_modules/@atproto-labs/simple-store-memory": {
      "version": "0.2.6",
      "resolved": "https://registry.npmjs.org/@atproto-labs/simple-store-memory/-/simple-store-memory-0.2.6.tgz",
      "integrity": "sha512-DD1v7MEfYF3BAcEpMTTpzfBLWLoI2HuyBhku2YpjHoqPrRrhCtE1alkxfPHjtjJVIjuU/XNU0cF/wB3+5FiKsA==",
      "license": "MIT",
      "dependencies": {
        "@atproto-labs/simple-store": "^0.5.1",
        "lru-cache": "^10.2.0"
      },
      "engines": {
        "node": ">=22"
      }
    },
    "node_modules/@atproto-labs/simple-store-memory/node_modules/@atproto-labs/simple-store": {
      "version": "0.5.1",
      "resolved": "https://registry.npmjs.org/@atproto-labs/simple-store/-/simple-store-0.5.1.tgz",
      "integrity": "sha512-vfvoDhu6ds6BT3Pqe+d2/LBU1WpDRtt69y6zltlfMCoucPm82m1j50/Wb6xTvv+oZ+2j0JyZVXsmXQ12SWYQJg==",
      "license": "MIT",
      "engines": {
        "node": ">=22"
      }
    },
    "node_modules/@atproto/common-web": {
      "version": "0.5.13",
      "resolved": "https://registry.npmjs.org/@atproto/common-web/-/common-web-0.5.13.tgz",
      "integrity": "sha512-TSVba26vsgeYqeE6BKrvomEbzRJPiRkmVfakfJxqoEWAwxrWfvXvKSwGkPIY57kw5g2gHpKxPIM0v+DqarWKEw==",
      "license": "MIT",
      "dependencies": {
        "@atproto/lex-data": "^0.1.7",
        "@atproto/lex-json": "^0.1.6",
        "@atproto/syntax": "^0.7.6",
        "zod": "^3.23.8"
      },
      "engines": {
        "node": ">=22"
      }
    },
    "node_modules/@atproto/did": {
      "version": "0.5.6",
      "resolved": "https://registry.npmjs.org/@atproto/did/-/did-0.5.6.tgz",
      "integrity": "sha512-8bLfOnaoWBmg9S8naqzk5mG8zYAXfSKT4odB5OHcCAd1o7p6RFb0Rk9WGobEgboKtxP2CIeul6mzI5PUT4v6Gg==",
      "license": "MIT",
      "dependencies": {
        "zod": "^3.23.8"
      },
      "engines": {
        "node": ">=22"
      }
    },
    "node_modules/@atproto/jwk": {
      "version": "0.7.4",
      "resolved": "https://registry.npmjs.org/@atproto/jwk/-/jwk-0.7.4.tgz",
      "integrity": "sha512-tq7TUDmNfe1yDfpRgdGQMJdl9TUlJmREQNCag9yg5w8Evu+TOiFiLgiOCbo7X4ouRPSgd1DpOzXbUa8UyKKMZA==",
      "license": "MIT",
      "dependencies": {
        "multiformats": "^13.0.0",
        "zod": "^3.23.8"
      },
      "engines": {
        "node": ">=22"
      }
    },
    "node_modules/@atproto/jwk-jose": {
      "version": "0.2.4",
      "resolved": "https://registry.npmjs.org/@atproto/jwk-jose/-/jwk-jose-0.2.4.tgz",
      "integrity": "sha512-gzDoA0JTwnc0ZJOBLM7WX9xFxtynRS2K1Bofb8epzoMWDQvyvfbPcfkdPrKFM7NXCFUVpGpBnsCB8KFPTf1rCg==",
      "license": "MIT",
      "dependencies": {
        "@atproto/jwk": "^0.7.4",
        "jose": "^5.2.0"
      },
      "engines": {
        "node": ">=22"
      }
    },
    "node_modules/@atproto/jwk-webcrypto": {
      "version": "0.3.4",
      "resolved": "https://registry.npmjs.org/@atproto/jwk-webcrypto/-/jwk-webcrypto-0.3.4.tgz",
      "integrity": "sha512-UsFIUozqnRecXPo6HgKV4PW4FqYHxX1V3iAe0rRV6Q2RSfYD8V2mZ89pv8NpvJynnaqJArBQ7HZlcg0F4tRYhA==",
      "license": "MIT",
      "dependencies": {
        "@atproto/jwk": "^0.7.4",
        "@atproto/jwk-jose": "^0.2.4",
        "zod": "^3.23.8"
      },
      "engines": {
        "node": ">=22"
      }
    },
    "node_modules/@atproto/lex-data": {
      "version": "0.1.7",
      "resolved": "https://registry.npmjs.org/@atproto/lex-data/-/lex-data-0.1.7.tgz",
      "integrity": "sha512-kW/dPLqo/WgCLV+XESR4JKwV6c1rZWJGOfuPupZGTjEDAKoBbKXdaEzX9/1vKQYbZ9U3j0DS/n7OFFK7wBugyQ==",
      "license": "MIT",
      "dependencies": {
        "multiformats": "^13.0.0",
        "tslib": "^2.8.1",
        "unicode-segmenter": "^0.14.0"
      },
      "engines": {
        "node": ">=22"
      }
    },
    "node_modules/@atproto/lex-json": {
      "version": "0.1.6",
      "resolved": "https://registry.npmjs.org/@atproto/lex-json/-/lex-json-0.1.6.tgz",
      "integrity": "sha512-mvrAd0lbyuecIHjyld8QN6MN6CBf4j0GCxLzegsvLh0SvDf+GbYWklkcQqmITL44yFQOwmA/QNIQj0Uvh7+R/g==",
      "license": "MIT",
      "dependencies": {
        "@atproto/lex-data": "^0.1.7",
        "tslib": "^2.8.1"
      },
      "engines": {
        "node": ">=22"
      }
    },
    "node_modules/@atproto/lexicon": {
      "version": "0.7.15",
      "resolved": "https://registry.npmjs.org/@atproto/lexicon/-/lexicon-0.7.15.tgz",
      "integrity": "sha512-VAiXSHY12hqFYevassyVlWXDxs88ya9jS6DhGc93QbxOQbKasy8yWtxzG3oMiSLQaN+hOuqZUw4kSySLZgR2/w==",
      "license": "MIT",
      "dependencies": {
        "@atproto/common-web": "^0.5.13",
        "@atproto/syntax": "^0.7.6",
        "multiformats": "^13.0.0",
        "zod": "^3.23.8"
      },
      "engines": {
        "node": ">=22"
      }
    },
    "node_modules/@atproto/oauth-client": {
      "version": "0.7.11",
      "resolved": "https://registry.npmjs.org/@atproto/oauth-client/-/oauth-client-0.7.11.tgz",
      "integrity": "sha512-kCoQxT2CXEKT2LCZA3nZFd5VjbZN6WQ7z8asUfRICuhm79Q/Ovbs8eFftdcxM75O7M/9/EdcZ6Opppi0cq5kjw==",
      "license": "MIT",
      "dependencies": {
        "@atproto-labs/did-resolver": "^0.3.5",
        "@atproto-labs/fetch": "^0.3.4",
        "@atproto-labs/handle-resolver": "^0.4.6",
        "@atproto-labs/identity-resolver": "^0.4.5",
        "@atproto-labs/simple-store": "^0.4.4",
        "@atproto-labs/simple-store-memory": "^0.2.4",
        "@atproto/did": "^0.5.4",
        "@atproto/jwk": "^0.7.4",
        "@atproto/oauth-types": "^0.7.5",
        "@atproto/xrpc": "^0.8.6",
        "core-js": "^3",
        "multiformats": "^13.0.0",
        "zod": "^3.23.8"
      },
      "engines": {
        "node": ">=22"
      }
    },
    "node_modules/@atproto/oauth-client-node": {
      "version": "0.4.9",
      "resolved": "https://registry.npmjs.org/@atproto/oauth-client-node/-/oauth-client-node-0.4.9.tgz",
      "integrity": "sha512-pLsghLG4vmm9h0FEyw+1+wSr+KH8vJjn68CEDtLabB4SPGtzwp6phcJDkrbKWrhndWMDdqEr9X+mAFSgb1Q9lg==",
      "license": "MIT",
      "dependencies": {
        "@atproto-labs/did-resolver": "^0.3.5",
        "@atproto-labs/handle-resolver-node": "^0.2.6",
        "@atproto-labs/simple-store": "^0.4.4",
        "@atproto/did": "^0.5.4",
        "@atproto/jwk": "^0.7.4",
        "@atproto/jwk-jose": "^0.2.4",
        "@atproto/jwk-webcrypto": "^0.3.4",
        "@atproto/oauth-client": "^0.7.11",
        "@atproto/oauth-types": "^0.7.5"
      },
      "engines": {
        "node": ">=22"
      }
    },
    "node_modules/@atproto/oauth-types": {
      "version": "0.7.7",
      "resolved": "https://registry.npmjs.org/@atproto/oauth-types/-/oauth-types-0.7.7.tgz",
      "integrity": "sha512-HhY0n6BJtFlxHJTOwT34uf7BiMaEluuwiZqHkamWoFvl+Gk7bPgWhPslr4kX2J/7ryFxhdsKVj1tjWjy0AhjTw==",
      "license": "MIT",
      "dependencies": {
        "@atproto/did": "^0.5.6",
        "@atproto/jwk": "^0.7.4",
        "zod": "^3.23.8"
      },
      "engines": {
        "node": ">=22"
      }
    },
    "node_modules/@atproto/syntax": {
      "version": "0.7.6",
      "resolved": "https://registry.npmjs.org/@atproto/syntax/-/syntax-0.7.6.tgz",
      "integrity": "sha512-luKQTcWw1H1jLmYvX34ldBqNjz2orF082njmcF9fxbWTqVhsO+TpY0FHRKVPoV7dwL0Y3L16DNz1ma0LFGH25g==",
      "license": "MIT",
      "dependencies": {
        "iso-datestring-validator": "^2.2.2",
        "tslib": "^2.8.1"
      },
      "engines": {
        "node": ">=22"
      }
    },
    "node_modules/@atproto/xrpc": {
      "version": "0.8.14",
      "resolved": "https://registry.npmjs.org/@atproto/xrpc/-/xrpc-0.8.14.tgz",
      "integrity": "sha512-9r3cGbm6Q35SMzfBGaJiHbb1OlznOpf1PwKj9Q8nrSRh01xGl0GgCUDXe47t3IgFth4WJmnEcY2EbyoJF05WCQ==",
      "license": "MIT",
      "dependencies": {
        "@atproto/lexicon": "^0.7.15",
        "zod": "^3.23.8"
      },
      "engines": {
        "node": ">=22"
      }
    },
    "node_modules/core-js": {
      "version": "3.50.0",
      "resolved": "https://registry.npmjs.org/core-js/-/core-js-3.50.0.tgz",
      "integrity": "sha512-BRWgOLKkFeCgRudR6zrs8p9XJZcE14grzKMMssoYrk6krtuEZ7MTKPIY5RzOnqsEKIR9kst7wNzphttraT+Yqw==",
      "hasInstallScript": true,
      "license": "MIT",
      "engines": {
        "node": "*"
      },
      "funding": {
        "type": "opencollective",
        "url": "https://opencollective.com/core-js"
      }
    },
    "node_modules/ipaddr.js": {
      "version": "2.5.0",
      "resolved": "https://registry.npmjs.org/ipaddr.js/-/ipaddr.js-2.5.0.tgz",
      "integrity": "sha512-aq+t5NAc+cS6rZQQVWC2x98CPqGtKKTMDd4Gaodv0wShnItdKg/51djkGJ1hqH+Oy0ivDftCbSLCQob8zso01w==",
      "license": "MIT",
      "engines": {
        "node": ">= 10"
      }
    },
    "node_modules/iso-datestring-validator": {
      "version": "2.2.2",
      "resolved": "https://registry.npmjs.org/iso-datestring-validator/-/iso-datestring-validator-2.2.2.tgz",
      "integrity": "sha512-yLEMkBbLZTlVQqOnQ4FiMujR6T4DEcCb1xizmvXS+OxuhwcbtynoosRzdMA69zZCShCNAbi+gJ71FxZBBXx1SA==",
      "license": "MIT"
    },
    "node_modules/jose": {
      "version": "5.10.0",
      "resolved": "https://registry.npmjs.org/jose/-/jose-5.10.0.tgz",
      "integrity": "sha512-s+3Al/p9g32Iq+oqXxkW//7jk2Vig6FF1CFqzVXoTUXt2qz89YWbL+OwS17NFYEvxC35n0FKeGO2LGYSxeM2Gg==",
      "license": "MIT",
      "funding": {
        "url": "https://github.com/sponsors/panva"
      }
    },
    "node_modules/lru-cache": {
      "version": "10.4.3",
      "resolved": "https://registry.npmjs.org/lru-cache/-/lru-cache-10.4.3.tgz",
      "integrity": "sha512-JNAzZcXrCt42VGLuYz0zfAzDfAvJWW6AfYlDBQyDV5DClI2m5sAmK+OIO7s59XfsRsWHp02jAJrRadPRGTt6SQ==",
      "license": "ISC"
    },
    "node_modules/multiformats": {
      "version": "13.4.2",
      "resolved": "https://registry.npmjs.org/multiformats/-/multiformats-13.4.2.tgz",
      "integrity": "sha512-eh6eHCrRi1+POZ3dA+Dq1C6jhP1GNtr9CRINMb67OKzqW9I5DUuZM/3jLPlzhgpGeiNUlEGEbkCYChXMCc/8DQ==",
      "license": "Apache-2.0 OR MIT"
    },
    "node_modules/tslib": {
      "version": "2.8.1",
      "resolved": "https://registry.npmjs.org/tslib/-/tslib-2.8.1.tgz",
      "integrity": "sha512-oJFu94HQb+KVduSUQL7wnpmqnfmLsOA/nAh6b6EH0wCEoK0/mPeXU6c3wKDV83MkOuHPRHtSXKKU99IBazS/2w==",
      "license": "0BSD"
    },
    "node_modules/undici_v6": {
      "name": "undici",
      "version": "6.29.0",
      "resolved": "https://registry.npmjs.org/undici/-/undici-6.29.0.tgz",
      "integrity": "sha512-R+RODBqp6i2pPflGdq+xIOUkl+RNfGgHwoinecKu/JCuf2uO06cOKoDbI2P7Dn6KcswdKwrczbU6IYJ6K8X+wg==",
      "license": "MIT",
      "engines": {
        "node": ">=18.17"
      }
    },
    "node_modules/undici_v7": {
      "name": "undici",
      "version": "7.30.0",
      "resolved": "https://registry.npmjs.org/undici/-/undici-7.30.0.tgz",
      "integrity": "sha512-dkrQXeHSaoamnItlYbmzG0wFYrM0ZwDxCIg0A7aKjTyyhh9svRzCNFEzV+Vm05/yehjCzjDZ31KXfGEjYSztDQ==",
      "license": "MIT",
      "engines": {
        "node": ">=20.18.1"
      }
    },
    "node_modules/undici_v8": {
      "name": "undici",
      "version": "8.11.2",
      "resolved": "https://registry.npmjs.org/undici/-/undici-8.11.2.tgz",
      "integrity": "sha512-u4UB2/IrKdU6lFxumHmmo1a3fCQO5tzQllRorfoRS63txhrB7xTpSn1PftwC4qEHkOaqP95fCWW4lJzwErwzhQ==",
      "license": "MIT",
      "engines": {
        "node": ">=22.19.0"
      }
    },
    "node_modules/unicode-segmenter": {
      "version": "0.14.5",
      "resolved": "https://registry.npmjs.org/unicode-segmenter/-/unicode-segmenter-0.14.5.tgz",
      "integrity": "sha512-jHGmj2LUuqDcX3hqY12Ql+uhUTn8huuxNZGq7GvtF6bSybzH3aFgedYu/KTzQStEgt1Ra2F3HxadNXsNjb3m3g==",
      "license": "MIT"
    },
    "node_modules/zod": {
      "version": "3.25.76",
      "resolved": "https://registry.npmjs.org/zod/-/zod-3.25.76.tgz",
      "integrity": "sha512-gzUt/qt81nXsFGKIFcC3YnfEAx5NkunCfnDlvuBSSFS02bcXu4Lmea0AFIUwbLWxWPx3d9p8S5QoaujKcNQxcQ==",
      "license": "MIT",
      "funding": {
        "url": "https://github.com/sponsors/colinhacks"
      }
    }
  }
}
